
Microsoft Visual Studio Solution File, Format Version 12.00
# Visual Studio Version 17
VisualStudioVersion = 17.0.31919.166
MinimumVisualStudioVersion = 10.0.40219.1
Project("{FAE04EC0-301F-11D3-BF4B-00C04F79EFBC}") = "galgje", "galgje\galgje.csproj", "{0C57A13F-D3D1-4788-9415-46984C4FF20A}"
EndProject
Global
	GlobalSection(SolutionConfigurationPlatforms) = preSolution
		Debug|Any CPU = Debug|Any CPU
		Release|Any CPU = Release|Any CPU
	EndGlobalSection
	GlobalSection(ProjectConfigurationPlatforms) = postSolution
		{0C57A13F-D3D1-4788-9415-46984C4FF20A}.Debug|Any CPU.ActiveCfg = Debug|Any CPU
		{0C57A13F-D3D1-4788-9415-46984C4FF20A}.Debug|Any CPU.Build.0 = Debug|Any CPU
		{0C57A13F-D3D1-4788-9415-46984C4FF20A}.Release|Any CPU.ActiveCfg = Release|Any CPU
		{0C57A13F-D3D1-4788-9415-46984C4FF20A}.Release|Any CPU.Build.0 = Release|Any CPU
	EndGlobalSection
	GlobalSection(SolutionProperties) = preSolution
		HideSolutionNode = FALSE
	EndGlobalSection
	GlobalSection(ExtensibilityGlobals) = postSolution
		SolutionGuid = {AA75AF4E-A27A-4F55-810D-4103AEB26717}
	EndGlobalSection
EndGlobal
