
Microsoft Visual Studio Solution File, Format Version 12.00
# Visual Studio Version 17
VisualStudioVersion = 17.0.31919.166
MinimumVisualStudioVersion = 10.0.40219.1
Project("{9A19103F-16F7-4668-BE54-9A1E7A4F7556}") = "EendenVijverLibrary", "EendenVijverLibrary\EendenVijverLibrary.csproj", "{537A11E7-0BF9-41F9-9B83-DFBA9FDC60F5}"
EndProject
Project("{9A19103F-16F7-4668-BE54-9A1E7A4F7556}") = "EendenVijverForms", "EendenVijverForms\EendenVijverForms.csproj", "{CD49DEFA-A03C-4F88-B84A-6D0291A41B8A}"
EndProject
Global
	GlobalSection(SolutionConfigurationPlatforms) = preSolution
		Debug|Any CPU = Debug|Any CPU
		Release|Any CPU = Release|Any CPU
	EndGlobalSection
	GlobalSection(ProjectConfigurationPlatforms) = postSolution
		{537A11E7-0BF9-41F9-9B83-DFBA9FDC60F5}.Debug|Any CPU.ActiveCfg = Debug|Any CPU
		{537A11E7-0BF9-41F9-9B83-DFBA9FDC60F5}.Debug|Any CPU.Build.0 = Debug|Any CPU
		{537A11E7-0BF9-41F9-9B83-DFBA9FDC60F5}.Release|Any CPU.ActiveCfg = Release|Any CPU
		{537A11E7-0BF9-41F9-9B83-DFBA9FDC60F5}.Release|Any CPU.Build.0 = Release|Any CPU
		{CD49DEFA-A03C-4F88-B84A-6D0291A41B8A}.Debug|Any CPU.ActiveCfg = Debug|Any CPU
		{CD49DEFA-A03C-4F88-B84A-6D0291A41B8A}.Debug|Any CPU.Build.0 = Debug|Any CPU
		{CD49DEFA-A03C-4F88-B84A-6D0291A41B8A}.Release|Any CPU.ActiveCfg = Release|Any CPU
		{CD49DEFA-A03C-4F88-B84A-6D0291A41B8A}.Release|Any CPU.Build.0 = Release|Any CPU
	EndGlobalSection
	GlobalSection(SolutionProperties) = preSolution
		HideSolutionNode = FALSE
	EndGlobalSection
	GlobalSection(ExtensibilityGlobals) = postSolution
		SolutionGuid = {568D2EC7-B292-423E-9509-60E946B68F77}
	EndGlobalSection
EndGlobal
