
Microsoft Visual Studio Solution File, Format Version 12.00
# Visual Studio Version 17
VisualStudioVersion = 17.0.31919.166
MinimumVisualStudioVersion = 10.0.40219.1
Project("{FAE04EC0-301F-11D3-BF4B-00C04F79EFBC}") = "dinoGame", "dinoGame\dinoGame.csproj", "{20054762-C3C8-4BA2-A0DB-FC735D15EA30}"
EndProject
Global
	GlobalSection(SolutionConfigurationPlatforms) = preSolution
		Debug|Any CPU = Debug|Any CPU
		Release|Any CPU = Release|Any CPU
	EndGlobalSection
	GlobalSection(ProjectConfigurationPlatforms) = postSolution
		{20054762-C3C8-4BA2-A0DB-FC735D15EA30}.Debug|Any CPU.ActiveCfg = Debug|Any CPU
		{20054762-C3C8-4BA2-A0DB-FC735D15EA30}.Debug|Any CPU.Build.0 = Debug|Any CPU
		{20054762-C3C8-4BA2-A0DB-FC735D15EA30}.Release|Any CPU.ActiveCfg = Release|Any CPU
		{20054762-C3C8-4BA2-A0DB-FC735D15EA30}.Release|Any CPU.Build.0 = Release|Any CPU
	EndGlobalSection
	GlobalSection(SolutionProperties) = preSolution
		HideSolutionNode = FALSE
	EndGlobalSection
	GlobalSection(ExtensibilityGlobals) = postSolution
		SolutionGuid = {3470C1BF-9FC5-4326-89C7-53B806F36FCC}
	EndGlobalSection
EndGlobal
