
Microsoft Visual Studio Solution File, Format Version 12.00
# Visual Studio Version 17
VisualStudioVersion = 17.0.31919.166
MinimumVisualStudioVersion = 10.0.40219.1
Project("{FAE04EC0-301F-11D3-BF4B-00C04F79EFBC}") = "trafficLight_enums", "trafficLight_enums\trafficLight_enums.csproj", "{B4A5FB6F-3C71-42E4-98CF-2968E1AB21EF}"
EndProject
Global
	GlobalSection(SolutionConfigurationPlatforms) = preSolution
		Debug|Any CPU = Debug|Any CPU
		Release|Any CPU = Release|Any CPU
	EndGlobalSection
	GlobalSection(ProjectConfigurationPlatforms) = postSolution
		{B4A5FB6F-3C71-42E4-98CF-2968E1AB21EF}.Debug|Any CPU.ActiveCfg = Debug|Any CPU
		{B4A5FB6F-3C71-42E4-98CF-2968E1AB21EF}.Debug|Any CPU.Build.0 = Debug|Any CPU
		{B4A5FB6F-3C71-42E4-98CF-2968E1AB21EF}.Release|Any CPU.ActiveCfg = Release|Any CPU
		{B4A5FB6F-3C71-42E4-98CF-2968E1AB21EF}.Release|Any CPU.Build.0 = Release|Any CPU
	EndGlobalSection
	GlobalSection(SolutionProperties) = preSolution
		HideSolutionNode = FALSE
	EndGlobalSection
	GlobalSection(ExtensibilityGlobals) = postSolution
		SolutionGuid = {D02E5F38-412B-4312-9C0E-E143FC680AB4}
	EndGlobalSection
EndGlobal
